PODS:
  - Bolts (1.1.0)
  - CCBottomRefreshControl (0.3.0):
    - ReactiveCocoa
    - UIView+TKGeometry
  - Facebook-iOS-SDK (3.14.1):
    - Bolts
  - ios-image-editor (1.1.4)
  - M6MaxLength (0.0.1)
  - Parse-iOS-SDK (1.2.19):
    - Facebook-iOS-SDK (~> 3.7)
  - ReactiveCocoa (2.3.1):
    - ReactiveCocoa/UI
  - ReactiveCocoa/Core (2.3.1):
    - ReactiveCocoa/no-arc
  - ReactiveCocoa/no-arc (2.3.1)
  - ReactiveCocoa/UI (2.3.1):
    - ReactiveCocoa/Core
  - UIView+TKGeometry (0.2)

DEPENDENCIES:
  - CCBottomRefreshControl
  - ios-image-editor
  - M6MaxLength
  - Parse-iOS-SDK

SPEC CHECKSUMS:
  Bolts: 91c2af8eae1d44e1dd75946a5b0ae04a43ea43e4
  CCBottomRefreshControl: 0dd3b0d9d50a36586495d183a0662fb1d0025579
  Facebook-iOS-SDK: e9b3d5ac54ee3e5e693f4eef470b97911b3d076d
  ios-image-editor: eb2c5d23814956522aaa2bebbfe09d3e6087f828
  M6MaxLength: 0216d51de58b6bd46807fbf1fe43f50231c10669
  Parse-iOS-SDK: 5e1f7e649a02f1cc19e73cc95bd43d7778848314
  ReactiveCocoa: dca75777b9d18990c8714a3a6f2149f29b4d1462
  UIView+TKGeometry: 60a88dcf2af8420175cb1c789a02d6254ebb89a7

COCOAPODS: 0.33.1
