PODS:
  - Facebook-iOS-SDK (3.13.1)
  - ios-image-editor (1.1.3)
  - Parse-iOS-SDK (1.2.19):
    - Facebook-iOS-SDK (~> 3.7)

DEPENDENCIES:
  - ios-image-editor
  - Parse-iOS-SDK

SPEC CHECKSUMS:
  Facebook-iOS-SDK: 47ae9e54684c84f93d75d4e6ab47cd031abdf406
  ios-image-editor: 001717135e5a92b234a7465347cdcfb435418959
  Parse-iOS-SDK: 48e366fb9a8956c4e50d93cfd16243176938fae1

COCOAPODS: 0.32.1
