// !$*UTF8*$!
{
	archiveVersion = 1;
	classes = {
	};
	objectVersion = 46;
	objects = {

/* Begin PBXBuildFile section */
		95E6FDD87F684E718961F6A7 /* libPods-LifePics.a in Frameworks */ = {isa = PBXBuildFile; fileRef = 4F33B5ACC9F04B3585BDF564 /* libPods-LifePics.a */; };
		AF1696A318FC65B90020AE7D /* HomeViewController.m in Sources */ = {isa = PBXBuildFile; fileRef = AF1696A218FC65B90020AE7D /* HomeViewController.m */; };
		AF1696A718FC6DAB0020AE7D /* Foto.m in Sources */ = {isa = PBXBuildFile; fileRef = AF1696A618FC6DAB0020AE7D /* Foto.m */; };
		AF1696AA18FC6F9A0020AE7D /* Moldura.m in Sources */ = {isa = PBXBuildFile; fileRef = AF1696A918FC6F9A0020AE7D /* Moldura.m */; };
		AF1696AE18FC96990020AE7D /* MolduraView.m in Sources */ = {isa = PBXBuildFile; fileRef = AF1696AD18FC96990020AE7D /* MolduraView.m */; };
		AF292ADB1906C98C000FE080 /* FotoView.xib in Resources */ = {isa = PBXBuildFile; fileRef = AF292ADA1906C98C000FE080 /* FotoView.xib */; };
		AF292AE11906D7C9000FE080 /* FotoView.m in Sources */ = {isa = PBXBuildFile; fileRef = AF292AE01906D7C9000FE080 /* FotoView.m */; };
		AF292AEA1906DB0F000FE080 /* UIViewController+FotoBar.m in Sources */ = {isa = PBXBuildFile; fileRef = AF292AE91906DB0F000FE080 /* UIViewController+FotoBar.m */; };
		AFA090DB19076405009518FE /* ConexaoView.xib in Resources */ = {isa = PBXBuildFile; fileRef = AFA090DA19076405009518FE /* ConexaoView.xib */; };
		AFA090DE1907655D009518FE /* ConexaoView.m in Sources */ = {isa = PBXBuildFile; fileRef = AFA090DD1907655D009518FE /* ConexaoView.m */; };
		AFB4E81119031D7100AB8D1E /* CompartilhaViewController.m in Sources */ = {isa = PBXBuildFile; fileRef = AFB4E81019031D7100AB8D1E /* CompartilhaViewController.m */; };
		AFB4E8141903297E00AB8D1E /* SocialView.m in Sources */ = {isa = PBXBuildFile; fileRef = AFB4E8131903297E00AB8D1E /* SocialView.m */; };
		AFB4E81719033CDF00AB8D1E /* Social.m in Sources */ = {isa = PBXBuildFile; fileRef = AFB4E81619033CDF00AB8D1E /* Social.m */; };
		AFB4E81A19036EF600AB8D1E /* UIViewController+QuedaConexao.m in Sources */ = {isa = PBXBuildFile; fileRef = AFB4E81919036EF600AB8D1E /* UIViewController+QuedaConexao.m */; };
		AFBE9A3F18FB22AC0001C35E /* Foundation.framework in Frameworks */ = {isa = PBXBuildFile; fileRef = AFBE9A3E18FB22AC0001C35E /* Foundation.framework */; };
		AFBE9A4118FB22AC0001C35E /* CoreGraphics.framework in Frameworks */ = {isa = PBXBuildFile; fileRef = AFBE9A4018FB22AC0001C35E /* CoreGraphics.framework */; };
		AFBE9A4318FB22AC0001C35E /* UIKit.framework in Frameworks */ = {isa = PBXBuildFile; fileRef = AFBE9A4218FB22AC0001C35E /* UIKit.framework */; };
		AFBE9A4918FB22AC0001C35E /* InfoPlist.strings in Resources */ = {isa = PBXBuildFile; fileRef = AFBE9A4718FB22AC0001C35E /* InfoPlist.strings */; };
		AFBE9A4B18FB22AC0001C35E /* main.m in Sources */ = {isa = PBXBuildFile; fileRef = AFBE9A4A18FB22AC0001C35E /* main.m */; };
		AFBE9A4F18FB22AC0001C35E /* AppDelegate.m in Sources */ = {isa = PBXBuildFile; fileRef = AFBE9A4E18FB22AC0001C35E /* AppDelegate.m */; };
		AFBE9A5218FB22AC0001C35E /* Main.storyboard in Resources */ = {isa = PBXBuildFile; fileRef = AFBE9A5018FB22AC0001C35E /* Main.storyboard */; };
		AFBE9A5518FB22AC0001C35E /* LoginViewController.m in Sources */ = {isa = PBXBuildFile; fileRef = AFBE9A5418FB22AC0001C35E /* LoginViewController.m */; };
		AFBE9A5718FB22AC0001C35E /* Images.xcassets in Resources */ = {isa = PBXBuildFile; fileRef = AFBE9A5618FB22AC0001C35E /* Images.xcassets */; };
		AFD25FA9192065CA0075DD88 /* Localizable.strings in Resources */ = {isa = PBXBuildFile; fileRef = AFD25FA7192065CA0075DD88 /* Localizable.strings */; };
		AFDDF39418FD828900EFC010 /* CropView.xib in Resources */ = {isa = PBXBuildFile; fileRef = AFDDF39318FD828900EFC010 /* CropView.xib */; };
		AFDDF39718FD85C900EFC010 /* CropViewController.m in Sources */ = {isa = PBXBuildFile; fileRef = AFDDF39618FD85C900EFC010 /* CropViewController.m */; };
		AFDDF39B18FDC63D00EFC010 /* AppUtil.m in Sources */ = {isa = PBXBuildFile; fileRef = AFDDF39A18FDC63D00EFC010 /* AppUtil.m */; };
		AFDDF39D18FDE08000EFC010 /* MolduraViewGrande.xib in Resources */ = {isa = PBXBuildFile; fileRef = AFDDF39C18FDE08000EFC010 /* MolduraViewGrande.xib */; };
		AFDDF3A018FDE9A500EFC010 /* FotoViewController.m in Sources */ = {isa = PBXBuildFile; fileRef = AFDDF39F18FDE9A500EFC010 /* FotoViewController.m */; };
		AFDDF3A318FDFDEE00EFC010 /* CustomNavigationController.m in Sources */ = {isa = PBXBuildFile; fileRef = AFDDF3A218FDFDEE00EFC010 /* CustomNavigationController.m */; };
/* End PBXBuildFile section */

/* Begin PBXFileReference section */
		4F33B5ACC9F04B3585BDF564 /* libPods-LifePics.a */ = {isa = PBXFileReference; explicitFileType = archive.ar; includeInIndex = 0; path = "libPods-LifePics.a"; sourceTree = BUILT_PRODUCTS_DIR; };
		91FED1E67E45434788613BD7 /* Pods-LifePics.xcconfig */ = {isa = PBXFileReference; includeInIndex = 1; lastKnownFileType = text.xcconfig; name = "Pods-LifePics.xcconfig"; path = "Pods/Pods-LifePics.xcconfig"; sourceTree = "<group>"; };
		AF1696A118FC65B80020AE7D /* HomeViewController.h */ = {isa = PBXFileReference; fileEncoding = 4; lastKnownFileType = sourcecode.c.h; path = HomeViewController.h; sourceTree = "<group>"; };
		AF1696A218FC65B90020AE7D /* HomeViewController.m */ = {isa = PBXFileReference; fileEncoding = 4; lastKnownFileType = sourcecode.c.objc; path = HomeViewController.m; sourceTree = "<group>"; };
		AF1696A518FC6DAB0020AE7D /* Foto.h */ = {isa = PBXFileReference; fileEncoding = 4; lastKnownFileType = sourcecode.c.h; path = Foto.h; sourceTree = "<group>"; };
		AF1696A618FC6DAB0020AE7D /* Foto.m */ = {isa = PBXFileReference; fileEncoding = 4; lastKnownFileType = sourcecode.c.objc; path = Foto.m; sourceTree = "<group>"; };
		AF1696A818FC6F9A0020AE7D /* Moldura.h */ = {isa = PBXFileReference; fileEncoding = 4; lastKnownFileType = sourcecode.c.h; path = Moldura.h; sourceTree = "<group>"; };
		AF1696A918FC6F9A0020AE7D /* Moldura.m */ = {isa = PBXFileReference; fileEncoding = 4; lastKnownFileType = sourcecode.c.objc; path = Moldura.m; sourceTree = "<group>"; };
		AF1696AC18FC96990020AE7D /* MolduraView.h */ = {isa = PBXFileReference; fileEncoding = 4; lastKnownFileType = sourcecode.c.h; path = MolduraView.h; sourceTree = "<group>"; };
		AF1696AD18FC96990020AE7D /* MolduraView.m */ = {isa = PBXFileReference; fileEncoding = 4; lastKnownFileType = sourcecode.c.objc; path = MolduraView.m; sourceTree = "<group>"; };
		AF292ADA1906C98C000FE080 /* FotoView.xib */ = {isa = PBXFileReference; fileEncoding = 4; lastKnownFileType = file.xib; path = FotoView.xib; sourceTree = "<group>"; };
		AF292ADF1906D7C9000FE080 /* FotoView.h */ = {isa = PBXFileReference; fileEncoding = 4; lastKnownFileType = sourcecode.c.h; path = FotoView.h; sourceTree = "<group>"; };
		AF292AE01906D7C9000FE080 /* FotoView.m */ = {isa = PBXFileReference; fileEncoding = 4; lastKnownFileType = sourcecode.c.objc; path = FotoView.m; sourceTree = "<group>"; };
		AF292AE81906DB0F000FE080 /* UIViewController+FotoBar.h */ = {isa = PBXFileReference; fileEncoding = 4; lastKnownFileType = sourcecode.c.h; path = "UIViewController+FotoBar.h"; sourceTree = "<group>"; };
		AF292AE91906DB0F000FE080 /* UIViewController+FotoBar.m */ = {isa = PBXFileReference; fileEncoding = 4; lastKnownFileType = sourcecode.c.objc; path = "UIViewController+FotoBar.m"; sourceTree = "<group>"; };
		AFA090DA19076405009518FE /* ConexaoView.xib */ = {isa = PBXFileReference; fileEncoding = 4; lastKnownFileType = file.xib; path = ConexaoView.xib; sourceTree = "<group>"; };
		AFA090DC1907655D009518FE /* ConexaoView.h */ = {isa = PBXFileReference; fileEncoding = 4; lastKnownFileType = sourcecode.c.h; path = ConexaoView.h; sourceTree = "<group>"; };
		AFA090DD1907655D009518FE /* ConexaoView.m */ = {isa = PBXFileReference; fileEncoding = 4; lastKnownFileType = sourcecode.c.objc; path = ConexaoView.m; sourceTree = "<group>"; };
		AFB4E80F19031D7100AB8D1E /* CompartilhaViewController.h */ = {isa = PBXFileReference; fileEncoding = 4; lastKnownFileType = sourcecode.c.h; path = CompartilhaViewController.h; sourceTree = "<group>"; };
		AFB4E81019031D7100AB8D1E /* CompartilhaViewController.m */ = {isa = PBXFileReference; fileEncoding = 4; lastKnownFileType = sourcecode.c.objc; path = CompartilhaViewController.m; sourceTree = "<group>"; };
		AFB4E8121903297E00AB8D1E /* SocialView.h */ = {isa = PBXFileReference; fileEncoding = 4; lastKnownFileType = sourcecode.c.h; path = SocialView.h; sourceTree = "<group>"; };
		AFB4E8131903297E00AB8D1E /* SocialView.m */ = {isa = PBXFileReference; fileEncoding = 4; lastKnownFileType = sourcecode.c.objc; path = SocialView.m; sourceTree = "<group>"; };
		AFB4E81519033CDF00AB8D1E /* Social.h */ = {isa = PBXFileReference; fileEncoding = 4; lastKnownFileType = sourcecode.c.h; path = Social.h; sourceTree = "<group>"; };
		AFB4E81619033CDF00AB8D1E /* Social.m */ = {isa = PBXFileReference; fileEncoding = 4; lastKnownFileType = sourcecode.c.objc; path = Social.m; sourceTree = "<group>"; };
		AFB4E81819036EF600AB8D1E /* UIViewController+QuedaConexao.h */ = {isa = PBXFileReference; fileEncoding = 4; lastKnownFileType = sourcecode.c.h; path = "UIViewController+QuedaConexao.h"; sourceTree = "<group>"; };
		AFB4E81919036EF600AB8D1E /* UIViewController+QuedaConexao.m */ = {isa = PBXFileReference; fileEncoding = 4; lastKnownFileType = sourcecode.c.objc; path = "UIViewController+QuedaConexao.m"; sourceTree = "<group>"; };
		AFBE9A3B18FB22AC0001C35E /* LifePics.app */ = {isa = PBXFileReference; explicitFileType = wrapper.application; includeInIndex = 0; path = LifePics.app; sourceTree = BUILT_PRODUCTS_DIR; };
		AFBE9A3E18FB22AC0001C35E /* Foundation.framework */ = {isa = PBXFileReference; lastKnownFileType = wrapper.framework; name = Foundation.framework; path = System/Library/Frameworks/Foundation.framework; sourceTree = SDKROOT; };
		AFBE9A4018FB22AC0001C35E /* CoreGraphics.framework */ = {isa = PBXFileReference; lastKnownFileType = wrapper.framework; name = CoreGraphics.framework; path = System/Library/Frameworks/CoreGraphics.framework; sourceTree = SDKROOT; };
		AFBE9A4218FB22AC0001C35E /* UIKit.framework */ = {isa = PBXFileReference; lastKnownFileType = wrapper.framework; name = UIKit.framework; path = System/Library/Frameworks/UIKit.framework; sourceTree = SDKROOT; };
		AFBE9A4618FB22AC0001C35E /* LifePics-Info.plist */ = {isa = PBXFileReference; fileEncoding = 4; lastKnownFileType = text.plist.xml; path = "LifePics-Info.plist"; sourceTree = "<group>"; };
		AFBE9A4A18FB22AC0001C35E /* main.m */ = {isa = PBXFileReference; fileEncoding = 4; lastKnownFileType = sourcecode.c.objc; path = main.m; sourceTree = "<group>"; };
		AFBE9A4C18FB22AC0001C35E /* LifePics-Prefix.pch */ = {isa = PBXFileReference; fileEncoding = 4; lastKnownFileType = sourcecode.c.h; path = "LifePics-Prefix.pch"; sourceTree = "<group>"; };
		AFBE9A4D18FB22AC0001C35E /* AppDelegate.h */ = {isa = PBXFileReference; lastKnownFileType = sourcecode.c.h; path = AppDelegate.h; sourceTree = "<group>"; };
		AFBE9A4E18FB22AC0001C35E /* AppDelegate.m */ = {isa = PBXFileReference; lastKnownFileType = sourcecode.c.objc; path = AppDelegate.m; sourceTree = "<group>"; };
		AFBE9A5118FB22AC0001C35E /* Base */ = {isa = PBXFileReference; lastKnownFileType = file.storyboard; name = Base; path = Base.lproj/Main.storyboard; sourceTree = "<group>"; };
		AFBE9A5318FB22AC0001C35E /* LoginViewController.h */ = {isa = PBXFileReference; lastKnownFileType = sourcecode.c.h; path = LoginViewController.h; sourceTree = "<group>"; };
		AFBE9A5418FB22AC0001C35E /* LoginViewController.m */ = {isa = PBXFileReference; lastKnownFileType = sourcecode.c.objc; path = LoginViewController.m; sourceTree = "<group>"; };
		AFBE9A5618FB22AC0001C35E /* Images.xcassets */ = {isa = PBXFileReference; lastKnownFileType = folder.assetcatalog; path = Images.xcassets; sourceTree = "<group>"; };
		AFBE9A7318FB83FA0001C35E /* pt */ = {isa = PBXFileReference; lastKnownFileType = text.plist.strings; name = pt; path = pt.lproj/InfoPlist.strings; sourceTree = "<group>"; };
		AFD25FA8192065CA0075DD88 /* en */ = {isa = PBXFileReference; lastKnownFileType = text.plist.strings; name = en; path = en.lproj/Localizable.strings; sourceTree = "<group>"; };
		AFD25FAA192065D90075DD88 /* pt */ = {isa = PBXFileReference; lastKnownFileType = text.plist.strings; name = pt; path = pt.lproj/Localizable.strings; sourceTree = "<group>"; };
		AFDC76AE1920660F00AD57BC /* en */ = {isa = PBXFileReference; lastKnownFileType = text.plist.strings; name = en; path = en.lproj/InfoPlist.strings; sourceTree = "<group>"; };
		AFDC76AF1920661B00AD57BC /* es */ = {isa = PBXFileReference; lastKnownFileType = text.plist.strings; name = es; path = es.lproj/InfoPlist.strings; sourceTree = "<group>"; };
		AFDC76B01920661B00AD57BC /* es */ = {isa = PBXFileReference; lastKnownFileType = text.plist.strings; name = es; path = es.lproj/Localizable.strings; sourceTree = "<group>"; };
		AFDDF39318FD828900EFC010 /* CropView.xib */ = {isa = PBXFileReference; fileEncoding = 4; lastKnownFileType = file.xib; path = CropView.xib; sourceTree = "<group>"; };
		AFDDF39518FD85C900EFC010 /* CropViewController.h */ = {isa = PBXFileReference; fileEncoding = 4; lastKnownFileType = sourcecode.c.h; path = CropViewController.h; sourceTree = "<group>"; };
		AFDDF39618FD85C900EFC010 /* CropViewController.m */ = {isa = PBXFileReference; fileEncoding = 4; lastKnownFileType = sourcecode.c.objc; path = CropViewController.m; sourceTree = "<group>"; };
		AFDDF39918FDC63D00EFC010 /* AppUtil.h */ = {isa = PBXFileReference; fileEncoding = 4; lastKnownFileType = sourcecode.c.h; path = AppUtil.h; sourceTree = "<group>"; };
		AFDDF39A18FDC63D00EFC010 /* AppUtil.m */ = {isa = PBXFileReference; fileEncoding = 4; lastKnownFileType = sourcecode.c.objc; path = AppUtil.m; sourceTree = "<group>"; };
		AFDDF39C18FDE08000EFC010 /* MolduraViewGrande.xib */ = {isa = PBXFileReference; fileEncoding = 4; lastKnownFileType = file.xib; path = MolduraViewGrande.xib; sourceTree = "<group>"; };
		AFDDF39E18FDE9A500EFC010 /* FotoViewController.h */ = {isa = PBXFileReference; fileEncoding = 4; lastKnownFileType = sourcecode.c.h; path = FotoViewController.h; sourceTree = "<group>"; };
		AFDDF39F18FDE9A500EFC010 /* FotoViewController.m */ = {isa = PBXFileReference; fileEncoding = 4; lastKnownFileType = sourcecode.c.objc; path = FotoViewController.m; sourceTree = "<group>"; };
		AFDDF3A118FDFDEE00EFC010 /* CustomNavigationController.h */ = {isa = PBXFileReference; fileEncoding = 4; lastKnownFileType = sourcecode.c.h; path = CustomNavigationController.h; sourceTree = "<group>"; };
		AFDDF3A218FDFDEE00EFC010 /* CustomNavigationController.m */ = {isa = PBXFileReference; fileEncoding = 4; lastKnownFileType = sourcecode.c.objc; path = CustomNavigationController.m; sourceTree = "<group>"; };
/* End PBXFileReference section */

/* Begin PBXFrameworksBuildPhase section */
		AFBE9A3818FB22AC0001C35E /* Frameworks */ = {
			isa = PBXFrameworksBuildPhase;
			buildActionMask = 2147483647;
			files = (
				AFBE9A4118FB22AC0001C35E /* CoreGraphics.framework in Frameworks */,
				AFBE9A4318FB22AC0001C35E /* UIKit.framework in Frameworks */,
				AFBE9A3F18FB22AC0001C35E /* Foundation.framework in Frameworks */,
				95E6FDD87F684E718961F6A7 /* libPods-LifePics.a in Frameworks */,
			);
			runOnlyForDeploymentPostprocessing = 0;
		};
/* End PBXFrameworksBuildPhase section */

/* Begin PBXGroup section */
		AF1696A418FC6D8C0020AE7D /* Model */ = {
			isa = PBXGroup;
			children = (
				AF1696A518FC6DAB0020AE7D /* Foto.h */,
				AF1696A618FC6DAB0020AE7D /* Foto.m */,
				AF1696A818FC6F9A0020AE7D /* Moldura.h */,
				AF1696A918FC6F9A0020AE7D /* Moldura.m */,
				AFB4E81519033CDF00AB8D1E /* Social.h */,
				AFB4E81619033CDF00AB8D1E /* Social.m */,
			);
			path = Model;
			sourceTree = "<group>";
		};
		AF1696AB18FC960F0020AE7D /* View */ = {
			isa = PBXGroup;
			children = (
				AFB4E8121903297E00AB8D1E /* SocialView.h */,
				AFB4E8131903297E00AB8D1E /* SocialView.m */,
				AF1696AC18FC96990020AE7D /* MolduraView.h */,
				AF1696AD18FC96990020AE7D /* MolduraView.m */,
				AF292ADF1906D7C9000FE080 /* FotoView.h */,
				AF292AE01906D7C9000FE080 /* FotoView.m */,
				AFA090DC1907655D009518FE /* ConexaoView.h */,
				AFA090DD1907655D009518FE /* ConexaoView.m */,
				AFDDF39C18FDE08000EFC010 /* MolduraViewGrande.xib */,
				AFDDF39318FD828900EFC010 /* CropView.xib */,
				AF292ADA1906C98C000FE080 /* FotoView.xib */,
				AFA090DA19076405009518FE /* ConexaoView.xib */,
			);
			path = View;
			sourceTree = "<group>";
		};
		AFBE9A3218FB22AC0001C35E = {
			isa = PBXGroup;
			children = (
				AFBE9A4418FB22AC0001C35E /* LifePics */,
				AFBE9A3D18FB22AC0001C35E /* Frameworks */,
				AFBE9A3C18FB22AC0001C35E /* Products */,
				91FED1E67E45434788613BD7 /* Pods-LifePics.xcconfig */,
			);
			sourceTree = "<group>";
		};
		AFBE9A3C18FB22AC0001C35E /* Products */ = {
			isa = PBXGroup;
			children = (
				AFBE9A3B18FB22AC0001C35E /* LifePics.app */,
			);
			name = Products;
			sourceTree = "<group>";
		};
		AFBE9A3D18FB22AC0001C35E /* Frameworks */ = {
			isa = PBXGroup;
			children = (
				AFBE9A3E18FB22AC0001C35E /* Foundation.framework */,
				AFBE9A4018FB22AC0001C35E /* CoreGraphics.framework */,
				AFBE9A4218FB22AC0001C35E /* UIKit.framework */,
				4F33B5ACC9F04B3585BDF564 /* libPods-LifePics.a */,
			);
			name = Frameworks;
			sourceTree = "<group>";
		};
		AFBE9A4418FB22AC0001C35E /* LifePics */ = {
			isa = PBXGroup;
			children = (
				AFBE9A4D18FB22AC0001C35E /* AppDelegate.h */,
				AFBE9A4E18FB22AC0001C35E /* AppDelegate.m */,
				AFBE9A5018FB22AC0001C35E /* Main.storyboard */,
				AFDDF39818FDC62800EFC010 /* Util */,
				AF1696A418FC6D8C0020AE7D /* Model */,
				AF1696AB18FC960F0020AE7D /* View */,
				AFBE9A7418FB844E0001C35E /* Controller */,
				AFBE9A5618FB22AC0001C35E /* Images.xcassets */,
				AFBE9A4518FB22AC0001C35E /* Supporting Files */,
			);
			path = LifePics;
			sourceTree = "<group>";
		};
		AFBE9A4518FB22AC0001C35E /* Supporting Files */ = {
			isa = PBXGroup;
			children = (
				AFD25FA7192065CA0075DD88 /* Localizable.strings */,
				AFBE9A4618FB22AC0001C35E /* LifePics-Info.plist */,
				AFBE9A4718FB22AC0001C35E /* InfoPlist.strings */,
				AFBE9A4A18FB22AC0001C35E /* main.m */,
				AFBE9A4C18FB22AC0001C35E /* LifePics-Prefix.pch */,
			);
			name = "Supporting Files";
			sourceTree = "<group>";
		};
		AFBE9A7418FB844E0001C35E /* Controller */ = {
			isa = PBXGroup;
			children = (
				AFDDF3A118FDFDEE00EFC010 /* CustomNavigationController.h */,
				AFDDF3A218FDFDEE00EFC010 /* CustomNavigationController.m */,
				AFDDF39518FD85C900EFC010 /* CropViewController.h */,
				AFDDF39618FD85C900EFC010 /* CropViewController.m */,
				AFBE9A5318FB22AC0001C35E /* LoginViewController.h */,
				AFBE9A5418FB22AC0001C35E /* LoginViewController.m */,
				AF1696A118FC65B80020AE7D /* HomeViewController.h */,
				AF1696A218FC65B90020AE7D /* HomeViewController.m */,
				AFDDF39E18FDE9A500EFC010 /* FotoViewController.h */,
				AFDDF39F18FDE9A500EFC010 /* FotoViewController.m */,
				AFB4E80F19031D7100AB8D1E /* CompartilhaViewController.h */,
				AFB4E81019031D7100AB8D1E /* CompartilhaViewController.m */,
			);
			path = Controller;
			sourceTree = "<group>";
		};
		AFDDF39818FDC62800EFC010 /* Util */ = {
			isa = PBXGroup;
			children = (
				AFDDF39918FDC63D00EFC010 /* AppUtil.h */,
				AFDDF39A18FDC63D00EFC010 /* AppUtil.m */,
				AFB4E81819036EF600AB8D1E /* UIViewController+QuedaConexao.h */,
				AFB4E81919036EF600AB8D1E /* UIViewController+QuedaConexao.m */,
				AF292AE81906DB0F000FE080 /* UIViewController+FotoBar.h */,
				AF292AE91906DB0F000FE080 /* UIViewController+FotoBar.m */,
			);
			path = Util;
			sourceTree = "<group>";
		};
/* End PBXGroup section */

/* Begin PBXNativeTarget section */
		AFBE9A3A18FB22AC0001C35E /* LifePics */ = {
			isa = PBXNativeTarget;
			buildConfigurationList = AFBE9A6D18FB22AC0001C35E /* Build configuration list for PBXNativeTarget "LifePics" */;
			buildPhases = (
				4258DA5A16F24125B96800E4 /* Check Pods Manifest.lock */,
				AFBE9A3718FB22AC0001C35E /* Sources */,
				AFBE9A3818FB22AC0001C35E /* Frameworks */,
				AFBE9A3918FB22AC0001C35E /* Resources */,
				8B6ED87767C64BD28884C110 /* Copy Pods Resources */,
			);
			buildRules = (
			);
			dependencies = (
			);
			name = LifePics;
			productName = LifePics;
			productReference = AFBE9A3B18FB22AC0001C35E /* LifePics.app */;
			productType = "com.apple.product-type.application";
		};
/* End PBXNativeTarget section */

/* Begin PBXProject section */
		AFBE9A3318FB22AC0001C35E /* Project object */ = {
			isa = PBXProject;
			attributes = {
				LastUpgradeCheck = 0510;
				ORGANIZATIONNAME = "Gabriel Moraes";
				TargetAttributes = {
					AFBE9A3A18FB22AC0001C35E = {
						DevelopmentTeam = S8JLZKZ7LG;
					};
				};
			};
			buildConfigurationList = AFBE9A3618FB22AC0001C35E /* Build configuration list for PBXProject "LifePics" */;
			compatibilityVersion = "Xcode 3.2";
			developmentRegion = English;
			hasScannedForEncodings = 0;
			knownRegions = (
				en,
				Base,
				pt,
				es,
			);
			mainGroup = AFBE9A3218FB22AC0001C35E;
			productRefGroup = AFBE9A3C18FB22AC0001C35E /* Products */;
			projectDirPath = "";
			projectRoot = "";
			targets = (
				AFBE9A3A18FB22AC0001C35E /* LifePics */,
			);
		};
/* End PBXProject section */

/* Begin PBXResourcesBuildPhase section */
		AFBE9A3918FB22AC0001C35E /* Resources */ = {
			isa = PBXResourcesBuildPhase;
			buildActionMask = 2147483647;
			files = (
				AFBE9A5718FB22AC0001C35E /* Images.xcassets in Resources */,
				AFDDF39D18FDE08000EFC010 /* MolduraViewGrande.xib in Resources */,
				AFBE9A4918FB22AC0001C35E /* InfoPlist.strings in Resources */,
				AFBE9A5218FB22AC0001C35E /* Main.storyboard in Resources */,
				AFA090DB19076405009518FE /* ConexaoView.xib in Resources */,
				AFD25FA9192065CA0075DD88 /* Localizable.strings in Resources */,
				AFDDF39418FD828900EFC010 /* CropView.xib in Resources */,
				AF292ADB1906C98C000FE080 /* FotoView.xib in Resources */,
			);
			runOnlyForDeploymentPostprocessing = 0;
		};
/* End PBXResourcesBuildPhase section */

/* Begin PBXShellScriptBuildPhase section */
		4258DA5A16F24125B96800E4 /* Check Pods Manifest.lock */ = {
			isa = PBXShellScriptBuildPhase;
			buildActionMask = 2147483647;
			files = (
			);
			inputPaths = (
			);
			name = "Check Pods Manifest.lock";
			outputPaths = (
			);
			runOnlyForDeploymentPostprocessing = 0;
			shellPath = /bin/sh;
			shellScript = "diff \"${PODS_ROOT}/../Podfile.lock\" \"${PODS_ROOT}/Manifest.lock\" > /dev/null\nif [[ $? != 0 ]] ; then\n    cat << EOM\nerror: The sandbox is not in sync with the Podfile.lock. Run 'pod install' or update your CocoaPods installation.\nEOM\n    exit 1\nfi\n";
			showEnvVarsInLog = 0;
		};
		8B6ED87767C64BD28884C110 /* Copy Pods Resources */ = {
			isa = PBXShellScriptBuildPhase;
			buildActionMask = 2147483647;
			files = (
			);
			inputPaths = (
			);
			name = "Copy Pods Resources";
			outputPaths = (
			);
			runOnlyForDeploymentPostprocessing = 0;
			shellPath = /bin/sh;
			shellScript = "\"${SRCROOT}/Pods/Pods-LifePics-resources.sh\"\n";
			showEnvVarsInLog = 0;
		};
/* End PBXShellScriptBuildPhase section */

/* Begin PBXSourcesBuildPhase section */
		AFBE9A3718FB22AC0001C35E /* Sources */ = {
			isa = PBXSourcesBuildPhase;
			buildActionMask = 2147483647;
			files = (
				AFDDF39B18FDC63D00EFC010 /* AppUtil.m in Sources */,
				AF1696AA18FC6F9A0020AE7D /* Moldura.m in Sources */,
				AF1696A718FC6DAB0020AE7D /* Foto.m in Sources */,
				AFBE9A5518FB22AC0001C35E /* LoginViewController.m in Sources */,
				AFDDF39718FD85C900EFC010 /* CropViewController.m in Sources */,
				AFB4E81119031D7100AB8D1E /* CompartilhaViewController.m in Sources */,
				AFB4E81A19036EF600AB8D1E /* UIViewController+QuedaConexao.m in Sources */,
				AFDDF3A318FDFDEE00EFC010 /* CustomNavigationController.m in Sources */,
				AF292AE11906D7C9000FE080 /* FotoView.m in Sources */,
				AF1696AE18FC96990020AE7D /* MolduraView.m in Sources */,
				AFB4E81719033CDF00AB8D1E /* Social.m in Sources */,
				AFBE9A4F18FB22AC0001C35E /* AppDelegate.m in Sources */,
				AFA090DE1907655D009518FE /* ConexaoView.m in Sources */,
				AFBE9A4B18FB22AC0001C35E /* main.m in Sources */,
				AFDDF3A018FDE9A500EFC010 /* FotoViewController.m in Sources */,
				AFB4E8141903297E00AB8D1E /* SocialView.m in Sources */,
				AF1696A318FC65B90020AE7D /* HomeViewController.m in Sources */,
				AF292AEA1906DB0F000FE080 /* UIViewController+FotoBar.m in Sources */,
			);
			runOnlyForDeploymentPostprocessing = 0;
		};
/* End PBXSourcesBuildPhase section */

/* Begin PBXVariantGroup section */
		AFBE9A4718FB22AC0001C35E /* InfoPlist.strings */ = {
			isa = PBXVariantGroup;
			children = (
				AFBE9A7318FB83FA0001C35E /* pt */,
				AFDC76AE1920660F00AD57BC /* en */,
				AFDC76AF1920661B00AD57BC /* es */,
			);
			name = InfoPlist.strings;
			sourceTree = "<group>";
		};
		AFBE9A5018FB22AC0001C35E /* Main.storyboard */ = {
			isa = PBXVariantGroup;
			children = (
				AFBE9A5118FB22AC0001C35E /* Base */,
			);
			name = Main.storyboard;
			sourceTree = "<group>";
		};
		AFD25FA7192065CA0075DD88 /* Localizable.strings */ = {
			isa = PBXVariantGroup;
			children = (
				AFD25FA8192065CA0075DD88 /* en */,
				AFD25FAA192065D90075DD88 /* pt */,
				AFDC76B01920661B00AD57BC /* es */,
			);
			name = Localizable.strings;
			sourceTree = "<group>";
		};
/* End PBXVariantGroup section */

/* Begin XCBuildConfiguration section */
		AFBE9A6B18FB22AC0001C35E /* Debug */ = {
			isa = XCBuildConfiguration;
			buildSettings = {
				ALWAYS_SEARCH_USER_PATHS = NO;
				CLANG_CXX_LANGUAGE_STANDARD = "gnu++0x";
				CLANG_CXX_LIBRARY = "libc++";
				CLANG_ENABLE_MODULES = YES;
				CLANG_ENABLE_OBJC_ARC = YES;
				CLANG_WARN_BOOL_CONVERSION = YES;
				CLANG_WARN_CONSTANT_CONVERSION = YES;
				CLANG_WARN_DIRECT_OBJC_ISA_USAGE = YES_ERROR;
				CLANG_WARN_EMPTY_BODY = YES;
				CLANG_WARN_ENUM_CONVERSION = YES;
				CLANG_WARN_INT_CONVERSION = YES;
				CLANG_WARN_OBJC_ROOT_CLASS = YES_ERROR;
				CLANG_WARN__DUPLICATE_METHOD_MATCH = YES;
				CODE_SIGN_IDENTITY = "";
				"CODE_SIGN_IDENTITY[sdk=iphoneos*]" = "";
				COPY_PHASE_STRIP = NO;
				GCC_C_LANGUAGE_STANDARD = gnu99;
				GCC_DYNAMIC_NO_PIC = NO;
				GCC_OPTIMIZATION_LEVEL = 0;
				GCC_PREPROCESSOR_DEFINITIONS = (
					"DEBUG=1",
					"$(inherited)",
				);
				GCC_SYMBOLS_PRIVATE_EXTERN = NO;
				GCC_WARN_64_TO_32_BIT_CONVERSION = YES;
				GCC_WARN_ABOUT_RETURN_TYPE = YES_ERROR;
				GCC_WARN_UNDECLARED_SELECTOR = YES;
				GCC_WARN_UNINITIALIZED_AUTOS = YES_AGGRESSIVE;
				GCC_WARN_UNUSED_FUNCTION = YES;
				GCC_WARN_UNUSED_VARIABLE = YES;
				IPHONEOS_DEPLOYMENT_TARGET = 7.0;
				ONLY_ACTIVE_ARCH = YES;
				PROVISIONING_PROFILE = "C1FB6E7F-D2A2-455D-8678-ACFACF7D54FD";
				SDKROOT = iphoneos;
			};
			name = Debug;
		};
		AFBE9A6C18FB22AC0001C35E /* Release */ = {
			isa = XCBuildConfiguration;
			buildSettings = {
				ALWAYS_SEARCH_USER_PATHS = NO;
				CLANG_CXX_LANGUAGE_STANDARD = "gnu++0x";
				CLANG_CXX_LIBRARY = "libc++";
				CLANG_ENABLE_MODULES = YES;
				CLANG_ENABLE_OBJC_ARC = YES;
				CLANG_WARN_BOOL_CONVERSION = YES;
				CLANG_WARN_CONSTANT_CONVERSION = YES;
				CLANG_WARN_DIRECT_OBJC_ISA_USAGE = YES_ERROR;
				CLANG_WARN_EMPTY_BODY = YES;
				CLANG_WARN_ENUM_CONVERSION = YES;
				CLANG_WARN_INT_CONVERSION = YES;
				CLANG_WARN_OBJC_ROOT_CLASS = YES_ERROR;
				CLANG_WARN__DUPLICATE_METHOD_MATCH = YES;
				CODE_SIGN_IDENTITY = "";
				"CODE_SIGN_IDENTITY[sdk=iphoneos*]" = "";
				COPY_PHASE_STRIP = YES;
				ENABLE_NS_ASSERTIONS = NO;
				GCC_C_LANGUAGE_STANDARD = gnu99;
				GCC_WARN_64_TO_32_BIT_CONVERSION = YES;
				GCC_WARN_ABOUT_RETURN_TYPE = YES_ERROR;
				GCC_WARN_UNDECLARED_SELECTOR = YES;
				GCC_WARN_UNINITIALIZED_AUTOS = YES_AGGRESSIVE;
				GCC_WARN_UNUSED_FUNCTION = YES;
				GCC_WARN_UNUSED_VARIABLE = YES;
				IPHONEOS_DEPLOYMENT_TARGET = 7.0;
				ONLY_ACTIVE_ARCH = NO;
				PROVISIONING_PROFILE = "C1FB6E7F-D2A2-455D-8678-ACFACF7D54FD";
				SDKROOT = iphoneos;
				VALIDATE_PRODUCT = YES;
			};
			name = Release;
		};
		AFBE9A6E18FB22AC0001C35E /* Debug */ = {
			isa = XCBuildConfiguration;
			baseConfigurationReference = 91FED1E67E45434788613BD7 /* Pods-LifePics.xcconfig */;
			buildSettings = {
				ALWAYS_SEARCH_USER_PATHS = NO;
				ASSETCATALOG_COMPILER_APPICON_NAME = AppIcon;
				ASSETCATALOG_COMPILER_LAUNCHIMAGE_NAME = LaunchImage;
				CODE_SIGN_IDENTITY = "";
				"CODE_SIGN_IDENTITY[sdk=iphoneos*]" = "";
				GCC_PRECOMPILE_PREFIX_HEADER = YES;
				GCC_PREFIX_HEADER = "LifePics/LifePics-Prefix.pch";
				INFOPLIST_FILE = "LifePics/LifePics-Info.plist";
				IPHONEOS_DEPLOYMENT_TARGET = 7.0;
				ONLY_ACTIVE_ARCH = YES;
				OTHER_LDFLAGS = (
					"-ObjC",
					"-lsqlite3",
					"-lz",
					"-framework",
					AudioToolbox,
					"-framework",
					CFNetwork,
					"-framework",
					CoreGraphics,
					"-framework",
					CoreLocation,
					"-framework",
					MobileCoreServices,
					"-framework",
					Parse,
					"-framework",
					QuartzCore,
					"-framework",
					Security,
					"-framework",
					StoreKit,
					"-framework",
					SystemConfiguration,
					"-weak_framework",
					Accounts,
					"-weak_framework",
					AdSupport,
					"-weak_framework",
					Security,
					"-weak_framework",
					Social,
				);
				PRODUCT_NAME = "$(TARGET_NAME)";
				PROVISIONING_PROFILE = "C1FB6E7F-D2A2-455D-8678-ACFACF7D54FD";
				WRAPPER_EXTENSION = app;
			};
			name = Debug;
		};
		AFBE9A6F18FB22AC0001C35E /* Release */ = {
			isa = XCBuildConfiguration;
			baseConfigurationReference = 91FED1E67E45434788613BD7 /* Pods-LifePics.xcconfig */;
			buildSettings = {
				ALWAYS_SEARCH_USER_PATHS = NO;
				ASSETCATALOG_COMPILER_APPICON_NAME = AppIcon;
				ASSETCATALOG_COMPILER_LAUNCHIMAGE_NAME = LaunchImage;
				CODE_SIGN_IDENTITY = "";
				"CODE_SIGN_IDENTITY[sdk=iphoneos*]" = "";
				GCC_PRECOMPILE_PREFIX_HEADER = YES;
				GCC_PREFIX_HEADER = "LifePics/LifePics-Prefix.pch";
				INFOPLIST_FILE = "LifePics/LifePics-Info.plist";
				IPHONEOS_DEPLOYMENT_TARGET = 7.0;
				ONLY_ACTIVE_ARCH = NO;
				OTHER_LDFLAGS = (
					"-ObjC",
					"-lsqlite3",
					"-lz",
					"-framework",
					AudioToolbox,
					"-framework",
					CFNetwork,
					"-framework",
					CoreGraphics,
					"-framework",
					CoreLocation,
					"-framework",
					MobileCoreServices,
					"-framework",
					Parse,
					"-framework",
					QuartzCore,
					"-framework",
					Security,
					"-framework",
					StoreKit,
					"-framework",
					SystemConfiguration,
					"-weak_framework",
					Accounts,
					"-weak_framework",
					AdSupport,
					"-weak_framework",
					Security,
					"-weak_framework",
					Social,
				);
				PRODUCT_NAME = "$(TARGET_NAME)";
				PROVISIONING_PROFILE = "C1FB6E7F-D2A2-455D-8678-ACFACF7D54FD";
				WRAPPER_EXTENSION = app;
			};
			name = Release;
		};
/* End XCBuildConfiguration section */

/* Begin XCConfigurationList section */
		AFBE9A3618FB22AC0001C35E /* Build configuration list for PBXProject "LifePics" */ = {
			isa = XCConfigurationList;
			buildConfigurations = (
				AFBE9A6B18FB22AC0001C35E /* Debug */,
				AFBE9A6C18FB22AC0001C35E /* Release */,
			);
			defaultConfigurationIsVisible = 0;
			defaultConfigurationName = Release;
		};
		AFBE9A6D18FB22AC0001C35E /* Build configuration list for PBXNativeTarget "LifePics" */ = {
			isa = XCConfigurationList;
			buildConfigurations = (
				AFBE9A6E18FB22AC0001C35E /* Debug */,
				AFBE9A6F18FB22AC0001C35E /* Release */,
			);
			defaultConfigurationIsVisible = 0;
			defaultConfigurationName = Release;
		};
/* End XCConfigurationList section */
	};
	rootObject = AFBE9A3318FB22AC0001C35E /* Project object */;
}
